# This file is generated by running "yarn install" inside your project.
# Manual changes might be lost - proceed with caution!

__metadata:
  version: 10
  cacheKey: 10c0

"accepts@npm:~1.3.4":
  version: 1.3.8
  resolution: "accepts@npm:1.3.8"
  dependencies:
    mime-types: "npm:~2.1.34"
    negotiator: "npm:0.6.3"
  checksum: 10c0/3a35c5f5586cfb9a21163ca47a5f77ac34fa8ceb5d17d2fa2c0d81f41cbd7f8c6fa52c77e2c039acc0f4d09e71abdc51144246900f6bef5e3c4b333f77d89362
  languageName: node
  linkType: hard

"array-flatten@npm:1.1.1":
  version: 1.1.1
  resolution: "array-flatten@npm:1.1.1"
  checksum: 10c0/806966c8abb2f858b08f5324d9d18d7737480610f3bd5d3498aaae6eb5efdc501a884ba019c9b4a8f02ff67002058749d05548fd42fa8643f02c9c7f22198b91
  languageName: node
  linkType: hard

"axios@npm:0.21.0":
  version: 0.21.0
  resolution: "axios@npm:0.21.0"
  dependencies:
    follow-redirects: "npm:^1.10.0"
  checksum: 10c0/b615cd986a0f8f797862324a2678bf85c1ac9dde9f64aa12c3a04c7baed90e21a42016520048c00070f7e4cf226746e8b7c5a1018b1e1f2937dce16952638ed3
  languageName: node
  linkType: hard

"balanced-match@npm:^1.0.0":
  version: 1.0.2
  resolution: "balanced-match@npm:1.0.2"
  checksum: 10c0/9308baf0a7e4838a82bbfd11e01b1cb0f0cf2893bc1676c27c2a8c0e70cbae1c59120c3268517a8ae7fb6376b4639ef81ca22582611dbee4ed28df945134aaee
  languageName: node
  linkType: hard

"body-parser@npm:1.18.2":
  version: 1.18.2
  resolution: "body-parser@npm:1.18.2"
  dependencies:
    bytes: "npm:3.0.0"
    content-type: "npm:~1.0.4"
    debug: "npm:2.6.9"
    depd: "npm:~1.1.1"
    http-errors: "npm:~1.6.2"
    iconv-lite: "npm:0.4.19"
    on-finished: "npm:~2.3.0"
    qs: "npm:6.5.1"
    raw-body: "npm:2.3.2"
    type-is: "npm:~1.6.15"
  checksum: 10c0/ce1ebca2e62def1c0f53cfc4e70ac225aea3567a51f1f7695a78d74b5062042c09ae4fe033aa0d63de8c60d7007c9814870471115164b4ffb9fac0087a1cb052
  languageName: node
  linkType: hard

"brace-expansion@npm:^1.1.7":
  version: 1.1.21
  resolution: "brace-expansion@npm:1.1.21"
  dependencies:
    balanced-match: "npm:^1.0.0"
    concat-map: "npm:0.0.1"
  checksum: 10c0/8f0a68a720f9cb28c2ecaea5cdaf15fafd686d6b6e4e722a81c9d4bd2f68c1fd0619731cac05875d842221eaf4d97d564d329a12eb3c4c22137502fb3c65be8b
  languageName: node
  linkType: hard

"browser-stdout@npm:1.3.0":
  version: 1.3.0
  resolution: "browser-stdout@npm:1.3.0"
  checksum: 10c0/9b26dcac17578ec4472179b4fd66e321db5cdf55d4a05c6b8223c492103e3f6e2da1d3ba7f4a590732e07807145a2e6aae2ae8d690bc71e6286a8b90d8afb810
  languageName: node
  linkType: hard

"buffer-equal-constant-time@npm:^1.0.1":
  version: 1.0.1
  resolution: "buffer-equal-constant-time@npm:1.0.1"
  checksum: 10c0/fb2294e64d23c573d0dd1f1e7a466c3e978fe94a4e0f8183937912ca374619773bef8e2aceb854129d2efecbbc515bbd0cc78d2734a3e3031edb0888531bbc8e
  languageName: node
  linkType: hard

"bytes@npm:3.0.0":
  version: 3.0.0
  resolution: "bytes@npm:3.0.0"
  checksum: 10c0/91d42c38601c76460519ffef88371caacaea483a354c8e4b8808e7b027574436a5713337c003ea3de63ee4991c2a9a637884fdfe7f761760d746929d9e8fec60
  languageName: node
  linkType: hard

"commander@npm:2.11.0":
  version: 2.11.0
  resolution: "commander@npm:2.11.0"
  checksum: 10c0/19eaec3099eba7cc24617fd2bddf6430d62f9e91f0dbfc4abcc5a025f9a6c657526fea5f09243f90c99f87b0df29c29ab4aa4f250888987f658eda617238e55c
  languageName: node
  linkType: hard

"concat-map@npm:0.0.1":
  version: 0.0.1
  resolution: "concat-map@npm:0.0.1"
  checksum: 10c0/c996b1cfdf95b6c90fee4dae37e332c8b6eb7d106430c17d538034c0ad9a1630cb194d2ab37293b1bdd4d779494beee7786d586a50bd9376fd6f7bcc2bd4c98f
  languageName: node
  linkType: hard

"content-disposition@npm:0.5.2":
  version: 0.5.2
  resolution: "content-disposition@npm:0.5.2"
  checksum: 10c0/49eebaa0da1f9609b192e99d7fec31d1178cb57baa9d01f5b63b29787ac31e9d18b5a1033e854c68c9b6cce790e700a6f7fa60e43f95e2e416404e114a8f2f49
  languageName: node
  linkType: hard

"content-type@npm:~1.0.4":
  version: 1.0.5
  resolution: "content-type@npm:1.0.5"
  checksum: 10c0/b76ebed15c000aee4678c3707e0860cb6abd4e680a598c0a26e17f0bfae723ec9cc2802f0ff1bc6e4d80603719010431d2231018373d4dde10f9ccff9dadf5af
  languageName: node
  linkType: hard

"cookie-signature@npm:1.0.6":
  version: 1.0.6
  resolution: "cookie-signature@npm:1.0.6"
  checksum: 10c0/b36fd0d4e3fef8456915fcf7742e58fbfcc12a17a018e0eb9501c9d5ef6893b596466f03b0564b81af29ff2538fd0aa4b9d54fe5ccbfb4c90ea50ad29fe2d221
  languageName: node
  linkType: hard

"cookie@npm:0.3.1":
  version: 0.3.1
  resolution: "cookie@npm:0.3.1"
  checksum: 10c0/0d73c4d605b234c4d04de335aefa4988157f03265845f4a89ea311e3ba1ce73ab42b52d33652ed1c9671342eb77742a58f61753f3e90f31711284fb6031b2962
  languageName: node
  linkType: hard

"debug@npm:2.6.9":
  version: 2.6.9
  resolution: "debug@npm:2.6.9"
  dependencies:
    ms: "npm:2.0.0"
  checksum: 10c0/121908fb839f7801180b69a7e218a40b5a0b718813b886b7d6bdb82001b931c938e2941d1e4450f33a1b1df1da653f5f7a0440c197f29fbf8a6e9d45ff6ef589
  languageName: node
  linkType: hard

"debug@npm:3.1.0":
  version: 3.1.0
  resolution: "debug@npm:3.1.0"
  dependencies:
    ms: "npm:2.0.0"
  checksum: 10c0/5bff34a352d7b2eaa31886eeaf2ee534b5461ec0548315b2f9f80bd1d2533cab7df1fa52e130ce27bc31c3945fbffb0fc72baacdceb274b95ce853db89254ea4
  languageName: node
  linkType: hard

"depd@npm:1.1.1":
  version: 1.1.1
  resolution: "depd@npm:1.1.1"
  checksum: 10c0/306c5479cdf9266e040086a61aabb6f7a386fa1f7b907fbba0774d7b810cab52da00e2abaf76850ea1f1970b250ed512855ace3ee80eca50875d32c5d288b9cd
  languageName: node
  linkType: hard

"depd@npm:~1.1.1, depd@npm:~1.1.2":
  version: 1.1.2
  resolution: "depd@npm:1.1.2"
  checksum: 10c0/acb24aaf936ef9a227b6be6d495f0d2eb20108a9a6ad40585c5bda1a897031512fef6484e4fdbb80bd249fdaa82841fa1039f416ece03188e677ba11bcfda249
  languageName: node
  linkType: hard

"destroy@npm:~1.0.4":
  version: 1.0.4
  resolution: "destroy@npm:1.0.4"
  checksum: 10c0/eab493808ba17a1fa22c71ef1a4e68d2c4c5222a38040606c966d2ab09117f3a7f3e05c39bffbe41a697f9de552039e43c30e46f0c3eab3faa9f82e800e172a0
  languageName: node
  linkType: hard

"diff@npm:3.3.1":
  version: 3.3.1
  resolution: "diff@npm:3.3.1"
  checksum: 10c0/8b2767091d834f32cd40a93179943cbd9b48c3e073d20af3d222a6ec7d2564a0160fe6826dc1c5cb1ba35c447815b6493b6b621e9b38cb161c6d7732a890d46f
  languageName: node
  linkType: hard

"ecdsa-sig-formatter@npm:1.0.11":
  version: 1.0.11
  resolution: "ecdsa-sig-formatter@npm:1.0.11"
  dependencies:
    safe-buffer: "npm:^5.0.1"
  checksum: 10c0/ebfbf19d4b8be938f4dd4a83b8788385da353d63307ede301a9252f9f7f88672e76f2191618fd8edfc2f24679236064176fab0b78131b161ee73daa37125408c
  languageName: node
  linkType: hard

"ee-first@npm:1.1.1":
  version: 1.1.1
  resolution: "ee-first@npm:1.1.1"
  checksum: 10c0/b5bb125ee93161bc16bfe6e56c6b04de5ad2aa44234d8f644813cc95d861a6910903132b05093706de2b706599367c4130eb6d170f6b46895686b95f87d017b7
  languageName: node
  linkType: hard

"encodeurl@npm:~1.0.1":
  version: 1.0.2
  resolution: "encodeurl@npm:1.0.2"
  checksum: 10c0/f6c2387379a9e7c1156c1c3d4f9cb7bb11cf16dd4c1682e1f6746512564b053df5781029b6061296832b59fb22f459dbe250386d217c2f6e203601abb2ee0bec
  languageName: node
  linkType: hard

"escape-html@npm:~1.0.3":
  version: 1.0.3
  resolution: "escape-html@npm:1.0.3"
  checksum: 10c0/524c739d776b36c3d29fa08a22e03e8824e3b2fd57500e5e44ecf3cc4707c34c60f9ca0781c0e33d191f2991161504c295e98f68c78fe7baa6e57081ec6ac0a3
  languageName: node
  linkType: hard

"escape-string-regexp@npm:1.0.5":
  version: 1.0.5
  resolution: "escape-string-regexp@npm:1.0.5"
  checksum: 10c0/a968ad453dd0c2724e14a4f20e177aaf32bb384ab41b674a8454afe9a41c5e6fe8903323e0a1052f56289d04bd600f81278edf140b0fcc02f5cac98d0f5b5371
  languageName: node
  linkType: hard

"etag@npm:~1.8.1":
  version: 1.8.1
  resolution: "etag@npm:1.8.1"
  checksum: 10c0/12be11ef62fb9817314d790089a0a49fae4e1b50594135dcb8076312b7d7e470884b5100d249b28c18581b7fd52f8b485689ffae22a11ed9ec17377a33a08f84
  languageName: node
  linkType: hard

"express@npm:4.16.0":
  version: 4.16.0
  resolution: "express@npm:4.16.0"
  dependencies:
    accepts: "npm:~1.3.4"
    array-flatten: "npm:1.1.1"
    body-parser: "npm:1.18.2"
    content-disposition: "npm:0.5.2"
    content-type: "npm:~1.0.4"
    cookie: "npm:0.3.1"
    cookie-signature: "npm:1.0.6"
    debug: "npm:2.6.9"
    depd: "npm:~1.1.1"
    encodeurl: "npm:~1.0.1"
    escape-html: "npm:~1.0.3"
    etag: "npm:~1.8.1"
    finalhandler: "npm:1.1.0"
    fresh: "npm:0.5.2"
    merge-descriptors: "npm:1.0.1"
    methods: "npm:~1.1.2"
    on-finished: "npm:~2.3.0"
    parseurl: "npm:~1.3.2"
    path-to-regexp: "npm:0.1.7"
    proxy-addr: "npm:~2.0.2"
    qs: "npm:6.5.1"
    range-parser: "npm:~1.2.0"
    safe-buffer: "npm:5.1.1"
    send: "npm:0.16.0"
    serve-static: "npm:1.13.0"
    setprototypeof: "npm:1.1.0"
    statuses: "npm:~1.3.1"
    type-is: "npm:~1.6.15"
    utils-merge: "npm:1.0.1"
    vary: "npm:~1.1.2"
  checksum: 10c0/9089b259611ca05d622c3ced04f5fd18a6bde35f4450ccc2a5eedca3f17618185c4a68c36a159c0aada465e84ef3b19cb5fced9c02c5c546c26e6dae1a40a979
  languageName: node
  linkType: hard

"finalhandler@npm:1.1.0":
  version: 1.1.0
  resolution: "finalhandler@npm:1.1.0"
  dependencies:
    debug: "npm:2.6.9"
    encodeurl: "npm:~1.0.1"
    escape-html: "npm:~1.0.3"
    on-finished: "npm:~2.3.0"
    parseurl: "npm:~1.3.2"
    statuses: "npm:~1.3.1"
    unpipe: "npm:~1.0.0"
  checksum: 10c0/ed28bf6b7cf423dec9ab3a0016bbc2d21898e315b663f5a989a4b078537858bf3f0a2edb241bce54f66f3b5f233456c9f1dd03318ca745cd70405517aa6954cd
  languageName: node
  linkType: hard

"follow-redirects@npm:^1.10.0":
  version: 1.16.0
  resolution: "follow-redirects@npm:1.16.0"
  peerDependenciesMeta:
    debug:
      optional: true
  checksum: 10c0/a1e2900163e6f1b4d1ed5c221b607f41decbab65534c63fe7e287e40a5d552a6496e7d9d7d976fa4ba77b4c51c11e5e9f683f10b43011ea11e442ff128d0e181
  languageName: node
  linkType: hard

"forwarded@npm:0.2.0":
  version: 0.2.0
  resolution: "forwarded@npm:0.2.0"
  checksum: 10c0/9b67c3fac86acdbc9ae47ba1ddd5f2f81526fa4c8226863ede5600a3f7c7416ef451f6f1e240a3cc32d0fd79fcfe6beb08fd0da454f360032bde70bf80afbb33
  languageName: node
  linkType: hard

"fresh@npm:0.5.2":
  version: 0.5.2
  resolution: "fresh@npm:0.5.2"
  checksum: 10c0/c6d27f3ed86cc5b601404822f31c900dd165ba63fff8152a3ef714e2012e7535027063bc67ded4cb5b3a49fa596495d46cacd9f47d6328459cf570f08b7d9e5a
  languageName: node
  linkType: hard

"fs.realpath@npm:^1.0.0":
  version: 1.0.0
  resolution: "fs.realpath@npm:1.0.0"
  checksum: 10c0/444cf1291d997165dfd4c0d58b69f0e4782bfd9149fd72faa4fe299e68e0e93d6db941660b37dd29153bf7186672ececa3b50b7e7249477b03fdf850f287c948
  languageName: node
  linkType: hard

"glob@npm:7.1.2":
  version: 7.1.2
  resolution: "glob@npm:7.1.2"
  dependencies:
    fs.realpath: "npm:^1.0.0"
    inflight: "npm:^1.0.4"
    inherits: "npm:2"
    minimatch: "npm:^3.0.4"
    once: "npm:^1.3.0"
    path-is-absolute: "npm:^1.0.0"
  checksum: 10c0/2fc8e29c6a6c5cb99854177e9c47a6e17130dd4ee06c5576d53b171e07b1fbc40fa613295dbd35a6f1a8d02a6214b39a0f848ed7cb74bfc2325cc32485d17cbe
  languageName: node
  linkType: hard

"growl@npm:1.10.3":
  version: 1.10.3
  resolution: "growl@npm:1.10.3"
  checksum: 10c0/d5729a36f6b157d5e1ea52061416506ea262574eff97ea2b31e795a2f58a0e64edd09119d1277dd94d5b8a676a3fc239107af5f081cbeddd5d463caae67fb7ae
  languageName: node
  linkType: hard

"has-flag@npm:^2.0.0":
  version: 2.0.0
  resolution: "has-flag@npm:2.0.0"
  checksum: 10c0/5e1f136c7f801c2719048bedfabcf834a1ed46276cd4c98c6fcddb89a482f5d6a16df0771a38805cfc2d9010b4de157909e1a71b708e1d339b6e311041bde9b4
  languageName: node
  linkType: hard

"he@npm:1.1.1":
  version: 1.1.1
  resolution: "he@npm:1.1.1"
  bin:
    he: bin/he
  checksum: 10c0/3cf48cb072e58922c76832a34b0789a86acf27c4c492cb2934ce71a7709c136fafb6762cca0eb24e8fef6e936b29c3e8ee07769f4513e2aa937735324483dedb
  languageName: node
  linkType: hard

"http-errors@npm:1.6.2":
  version: 1.6.2
  resolution: "http-errors@npm:1.6.2"
  dependencies:
    depd: "npm:1.1.1"
    inherits: "npm:2.0.3"
    setprototypeof: "npm:1.0.3"
    statuses: "npm:>= 1.3.1 < 2"
  checksum: 10c0/010c25579a964d93fbd02d23ccfe0c7da812dbdc81cc384cd402847e73a999c8f0ec38ba266f02d6291cf1b04c743eb895aecc0481bc717f3399be9d848f9d86
  languageName: node
  linkType: hard

"http-errors@npm:~1.6.2":
  version: 1.6.3
  resolution: "http-errors@npm:1.6.3"
  dependencies:
    depd: "npm:~1.1.2"
    inherits: "npm:2.0.3"
    setprototypeof: "npm:1.1.0"
    statuses: "npm:>= 1.4.0 < 2"
  checksum: 10c0/17ec4046ee974477778bfdd525936c254b872054703ec2caa4d6f099566b8adade636ae6aeeacb39302c5cd6e28fb407ebd937f500f5010d0b6850750414ff78
  languageName: node
  linkType: hard

"iconv-lite@npm:0.4.19":
  version: 0.4.19
  resolution: "iconv-lite@npm:0.4.19"
  checksum: 10c0/db8035a8b2e358c064844ae14388bf26d4ea8c42b7e301e8811ad37af724424498ac1f9ce56300514239f94d9f2aae8fdaf79b9ba46b80f95ea1ce6e9bcb86de
  languageName: node
  linkType: hard

"inflight@npm:^1.0.4":
  version: 1.0.6
  resolution: "inflight@npm:1.0.6"
  dependencies:
    once: "npm:^1.3.0"
    wrappy: "npm:1"
  checksum: 10c0/7faca22584600a9dc5b9fca2cd5feb7135ac8c935449837b315676b4c90aa4f391ec4f42240178244b5a34e8bede1948627fda392ca3191522fc46b34e985ab2
  languageName: node
  linkType: hard

"inherits@npm:2":
  version: 2.0.4
  resolution: "inherits@npm:2.0.4"
  checksum: 10c0/4e531f648b29039fb7426fb94075e6545faa1eb9fe83c29f0b6d9e7263aceb4289d2d4557db0d428188eeb449cc7c5e77b0a0b2c4e248ff2a65933a0dee49ef2
  languageName: node
  linkType: hard

"inherits@npm:2.0.3":
  version: 2.0.3
  resolution: "inherits@npm:2.0.3"
  checksum: 10c0/6e56402373149ea076a434072671f9982f5fad030c7662be0332122fe6c0fa490acb3cc1010d90b6eff8d640b1167d77674add52dfd1bb85d545cf29e80e73e7
  languageName: node
  linkType: hard

"ipaddr.js@npm:1.9.1":
  version: 1.9.1
  resolution: "ipaddr.js@npm:1.9.1"
  checksum: 10c0/0486e775047971d3fdb5fb4f063829bac45af299ae0b82dcf3afa2145338e08290563a2a70f34b732d795ecc8311902e541a8530eeb30d75860a78ff4e94ce2a
  languageName: node
  linkType: hard

"jsonwebtoken@npm:8.5.1":
  version: 8.5.1
  resolution: "jsonwebtoken@npm:8.5.1"
  dependencies:
    jws: "npm:^3.2.2"
    lodash.includes: "npm:^4.3.0"
    lodash.isboolean: "npm:^3.0.3"
    lodash.isinteger: "npm:^4.0.4"
    lodash.isnumber: "npm:^3.0.3"
    lodash.isplainobject: "npm:^4.0.6"
    lodash.isstring: "npm:^4.0.1"
    lodash.once: "npm:^4.0.0"
    ms: "npm:^2.1.1"
    semver: "npm:^5.6.0"
  checksum: 10c0/c5ad937b6fa23a230efa8ed8ca3c0da8ebfdd377bafc3e8432a11b03ef90e733400a00b26c0dfee47db44a2e64b88b154b57e9926a92990f98dd25aaed15006e
  languageName: node
  linkType: hard

"jwa@npm:^1.4.2":
  version: 1.4.2
  resolution: "jwa@npm:1.4.2"
  dependencies:
    buffer-equal-constant-time: "npm:^1.0.1"
    ecdsa-sig-formatter: "npm:1.0.11"
    safe-buffer: "npm:^5.0.1"
  checksum: 10c0/210a544a42ca22203e8fc538835205155ba3af6a027753109f9258bdead33086bac3c25295af48ac1981f87f9c5f941bc8f70303670f54ea7dcaafb53993d92c
  languageName: node
  linkType: hard

"jws@npm:^3.2.2":
  version: 3.2.3
  resolution: "jws@npm:3.2.3"
  dependencies:
    jwa: "npm:^1.4.2"
    safe-buffer: "npm:^5.0.1"
  checksum: 10c0/9fdf9d6783b1892ef413ef373cd351eacc847ba01deec6fbfea96830e93241863ccbee66f3b749fc2310c59b6db2209d3f4b52931c0c259b52b17de20715917f
  languageName: node
  linkType: hard

"lodash.includes@npm:^4.3.0":
  version: 4.3.0
  resolution: "lodash.includes@npm:4.3.0"
  checksum: 10c0/7ca498b9b75bf602d04e48c0adb842dfc7d90f77bcb2a91a2b2be34a723ad24bc1c8b3683ec6b2552a90f216c723cdea530ddb11a3320e08fa38265703978f4b
  languageName: node
  linkType: hard

"lodash.isboolean@npm:^3.0.3":
  version: 3.0.3
  resolution: "lodash.isboolean@npm:3.0.3"
  checksum: 10c0/0aac604c1ef7e72f9a6b798e5b676606042401dd58e49f051df3cc1e3adb497b3d7695635a5cbec4ae5f66456b951fdabe7d6b387055f13267cde521f10ec7f7
  languageName: node
  linkType: hard

"lodash.isinteger@npm:^4.0.4":
  version: 4.0.4
  resolution: "lodash.isinteger@npm:4.0.4"
  checksum: 10c0/4c3e023a2373bf65bf366d3b8605b97ec830bca702a926939bcaa53f8e02789b6a176e7f166b082f9365bfec4121bfeb52e86e9040cb8d450e64c858583f61b7
  languageName: node
  linkType: hard

"lodash.isnumber@npm:^3.0.3":
  version: 3.0.3
  resolution: "lodash.isnumber@npm:3.0.3"
  checksum: 10c0/2d01530513a1ee4f72dd79528444db4e6360588adcb0e2ff663db2b3f642d4bb3d687051ae1115751ca9082db4fdef675160071226ca6bbf5f0c123dbf0aa12d
  languageName: node
  linkType: hard

"lodash.isplainobject@npm:^4.0.6":
  version: 4.0.6
  resolution: "lodash.isplainobject@npm:4.0.6"
  checksum: 10c0/afd70b5c450d1e09f32a737bed06ff85b873ecd3d3d3400458725283e3f2e0bb6bf48e67dbe7a309eb371a822b16a26cca4a63c8c52db3fc7dc9d5f9dd324cbb
  languageName: node
  linkType: hard

"lodash.isstring@npm:^4.0.1":
  version: 4.0.1
  resolution: "lodash.isstring@npm:4.0.1"
  checksum: 10c0/09eaf980a283f9eef58ef95b30ec7fee61df4d6bf4aba3b5f096869cc58f24c9da17900febc8ffd67819b4e29de29793190e88dc96983db92d84c95fa85d1c92
  languageName: node
  linkType: hard

"lodash.once@npm:^4.0.0":
  version: 4.1.1
  resolution: "lodash.once@npm:4.1.1"
  checksum: 10c0/46a9a0a66c45dd812fcc016e46605d85ad599fe87d71a02f6736220554b52ffbe82e79a483ad40f52a8a95755b0d1077fba259da8bfb6694a7abbf4a48f1fc04
  languageName: node
  linkType: hard

"lodash@npm:4.17.10":
  version: 4.17.10
  resolution: "lodash@npm:4.17.10"
  checksum: 10c0/e3cc5813f77a806204883b880fd2342a56ab68ecddd312403c4da05c33f9acde9a78e3cad9749060bbc6109b9b693fb04516fdeec6b73e3437cecd1b9db3f667
  languageName: node
  linkType: hard

"media-typer@npm:0.3.0":
  version: 0.3.0
  resolution: "media-typer@npm:0.3.0"
  checksum: 10c0/d160f31246907e79fed398470285f21bafb45a62869dc469b1c8877f3f064f5eabc4bcc122f9479b8b605bc5c76187d7871cf84c4ee3ecd3e487da1993279928
  languageName: node
  linkType: hard

"merge-descriptors@npm:1.0.1":
  version: 1.0.1
  resolution: "merge-descriptors@npm:1.0.1"
  checksum: 10c0/b67d07bd44cfc45cebdec349bb6e1f7b077ee2fd5beb15d1f7af073849208cb6f144fe403e29a36571baf3f4e86469ac39acf13c318381e958e186b2766f54ec
  languageName: node
  linkType: hard

"methods@npm:~1.1.2":
  version: 1.1.2
  resolution: "methods@npm:1.1.2"
  checksum: 10c0/bdf7cc72ff0a33e3eede03708c08983c4d7a173f91348b4b1e4f47d4cdbf734433ad971e7d1e8c77247d9e5cd8adb81ea4c67b0a2db526b758b2233d7814b8b2
  languageName: node
  linkType: hard

"mime-db@npm:1.52.0":
  version: 1.52.0
  resolution: "mime-db@npm:1.52.0"
  checksum: 10c0/0557a01deebf45ac5f5777fe7740b2a5c309c6d62d40ceab4e23da9f821899ce7a900b7ac8157d4548ddbb7beffe9abc621250e6d182b0397ec7f10c7b91a5aa
  languageName: node
  linkType: hard

"mime-types@npm:~2.1.24, mime-types@npm:~2.1.34":
  version: 2.1.35
  resolution: "mime-types@npm:2.1.35"
  dependencies:
    mime-db: "npm:1.52.0"
  checksum: 10c0/82fb07ec56d8ff1fc999a84f2f217aa46cb6ed1033fefaabd5785b9a974ed225c90dc72fff460259e66b95b73648596dbcc50d51ed69cdf464af2d237d3149b2
  languageName: node
  linkType: hard

"mime@npm:1.4.1":
  version: 1.4.1
  resolution: "mime@npm:1.4.1"
  bin:
    mime: cli.js
  checksum: 10c0/ba9db9f7eb3eaae61c072cf06d744db99c091b5c9fa49f68e44ada7c6cccc89568c7a830f9ae0a11f37c88ca3851cb59a138e4703895e01d55dbff274feb74be
  languageName: node
  linkType: hard

"minimatch@npm:^3.0.4":
  version: 3.1.5
  resolution: "minimatch@npm:3.1.5"
  dependencies:
    brace-expansion: "npm:^1.1.7"
  checksum: 10c0/2ecbdc0d33f07bddb0315a8b5afbcb761307a8778b48f0b312418ccbced99f104a2d17d8aca7573433c70e8ccd1c56823a441897a45e384ea76ef401a26ace70
  languageName: node
  linkType: hard

"minimist@npm:0.0.8":
  version: 0.0.8
  resolution: "minimist@npm:0.0.8"
  checksum: 10c0/d0a998c3042922dbcd5f23566b52811d6977649ad089fd75dd89e8a9bff27634194900818b2dfb1b873f204edb902d0c8cdea9cb8dca8488b301f69bd522d5dc
  languageName: node
  linkType: hard

"mkdirp@npm:0.5.1":
  version: 0.5.1
  resolution: "mkdirp@npm:0.5.1"
  dependencies:
    minimist: "npm:0.0.8"
  bin:
    mkdirp: bin/cmd.js
  checksum: 10c0/e5ff572d761240a06dbfc69e1ea303d5482815a1f66033b999bd9d78583fcdc9ef63e99e61d396bbd57eca45b388af80a7f7f35f63510619c991c9d44c75341c
  languageName: node
  linkType: hard

"mocha@npm:5.0.0":
  version: 5.0.0
  resolution: "mocha@npm:5.0.0"
  dependencies:
    browser-stdout: "npm:1.3.0"
    commander: "npm:2.11.0"
    debug: "npm:3.1.0"
    diff: "npm:3.3.1"
    escape-string-regexp: "npm:1.0.5"
    glob: "npm:7.1.2"
    growl: "npm:1.10.3"
    he: "npm:1.1.1"
    mkdirp: "npm:0.5.1"
    supports-color: "npm:4.4.0"
  bin:
    _mocha: ./bin/_mocha
    mocha: ./bin/mocha
  checksum: 10c0/279c33ef9b87fdc274621930244fa7b5efef754599641b53a35a40e77dd2988c0c1fcea46ab46a6632fcc79118db49fc6f11c365a6079c36b80e768916105c66
  languageName: node
  linkType: hard

"ms@npm:2.0.0":
  version: 2.0.0
  resolution: "ms@npm:2.0.0"
  checksum: 10c0/f8fda810b39fd7255bbdc451c46286e549794fcc700dc9cd1d25658bbc4dc2563a5de6fe7c60f798a16a60c6ceb53f033cb353f493f0cf63e5199b702943159d
  languageName: node
  linkType: hard

"ms@npm:^2.1.1":
  version: 2.1.3
  resolution: "ms@npm:2.1.3"
  checksum: 10c0/d924b57e7312b3b63ad21fc5b3dc0af5e78d61a1fc7cfb5457edaf26326bf62be5307cc87ffb6862ef1c2b33b0233cdb5d4f01c4c958cc0d660948b65a287a48
  languageName: node
  linkType: hard

"negotiator@npm:0.6.3":
  version: 0.6.3
  resolution: "negotiator@npm:0.6.3"
  checksum: 10c0/3ec9fd413e7bf071c937ae60d572bc67155262068ed522cf4b3be5edbe6ddf67d095ec03a3a14ebf8fc8e95f8e1d61be4869db0dbb0de696f6b837358bd43fc2
  languageName: node
  linkType: hard

"on-finished@npm:~2.3.0":
  version: 2.3.0
  resolution: "on-finished@npm:2.3.0"
  dependencies:
    ee-first: "npm:1.1.1"
  checksum: 10c0/c904f9e518b11941eb60279a3cbfaf1289bd0001f600a950255b1dede9fe3df8cd74f38483550b3bb9485165166acb5db500c3b4c4337aec2815c88c96fcc2ea
  languageName: node
  linkType: hard

"once@npm:^1.3.0":
  version: 1.4.0
  resolution: "once@npm:1.4.0"
  dependencies:
    wrappy: "npm:1"
  checksum: 10c0/5d48aca287dfefabd756621c5dfce5c91a549a93e9fdb7b8246bc4c4790aa2ec17b34a260530474635147aeb631a2dcc8b32c613df0675f96041cbb8244517d0
  languageName: node
  linkType: hard

"parseurl@npm:~1.3.2":
  version: 1.3.3
  resolution: "parseurl@npm:1.3.3"
  checksum: 10c0/90dd4760d6f6174adb9f20cf0965ae12e23879b5f5464f38e92fce8073354341e4b3b76fa3d878351efe7d01e617121955284cfd002ab087fba1a0726ec0b4f5
  languageName: node
  linkType: hard

"path-is-absolute@npm:^1.0.0":
  version: 1.0.1
  resolution: "path-is-absolute@npm:1.0.1"
  checksum: 10c0/127da03c82172a2a50099cddbf02510c1791fc2cc5f7713ddb613a56838db1e8168b121a920079d052e0936c23005562059756d653b7c544c53185efe53be078
  languageName: node
  linkType: hard

"path-to-regexp@npm:0.1.7":
  version: 0.1.7
  resolution: "path-to-regexp@npm:0.1.7"
  checksum: 10c0/50a1ddb1af41a9e68bd67ca8e331a705899d16fb720a1ea3a41e310480948387daf603abb14d7b0826c58f10146d49050a1291ba6a82b78a382d1c02c0b8f905
  languageName: node
  linkType: hard

"proxy-addr@npm:~2.0.2":
  version: 2.0.8
  resolution: "proxy-addr@npm:2.0.8"
  dependencies:
    forwarded: "npm:0.2.0"
    ipaddr.js: "npm:1.9.1"
  checksum: 10c0/58398f36e5b1f72b1011ca21844c0c41a9a3b6f2f0d101bcdb19abb3f3dd9626b27a96e53da777ded901eb67faed0304a4bc1d435b235e436f66f8e5e1fe1f5e
  languageName: node
  linkType: hard

"qs@npm:6.5.1":
  version: 6.5.1
  resolution: "qs@npm:6.5.1"
  checksum: 10c0/303ebd46385399d8dc4acebd509b7c40ec36ff1170efff0a529dbd39d9ba5e313006c2476d2477db5b1ed17ecbb99be4a6b237f50bd9702b277cc86cd63beb75
  languageName: node
  linkType: hard

"range-parser@npm:~1.2.0":
  version: 1.2.1
  resolution: "range-parser@npm:1.2.1"
  checksum: 10c0/96c032ac2475c8027b7a4e9fe22dc0dfe0f6d90b85e496e0f016fbdb99d6d066de0112e680805075bd989905e2123b3b3d002765149294dce0c1f7f01fcc2ea0
  languageName: node
  linkType: hard

"raw-body@npm:2.3.2":
  version: 2.3.2
  resolution: "raw-body@npm:2.3.2"
  dependencies:
    bytes: "npm:3.0.0"
    http-errors: "npm:1.6.2"
    iconv-lite: "npm:0.4.19"
    unpipe: "npm:1.0.0"
  checksum: 10c0/4b075ebd134afd9c96a5e7109b255915059893cf20006d1d4f88efbc0f71f222849398bcfc600a53fc5ff776bc2373d283650ba2d1b154380039772bef6d31ab
  languageName: node
  linkType: hard

"safe-buffer@npm:5.1.1":
  version: 5.1.1
  resolution: "safe-buffer@npm:5.1.1"
  checksum: 10c0/1c233bd105deeba3c9a8911ed4ec24ba45adbb51fec02f7944a10a202c38e3df4ef2b524bdeb55f2e4f8c77c13b2959e2e2e6022e5d99acdd70633b5f7e138cf
  languageName: node
  linkType: hard

"safe-buffer@npm:^5.0.1":
  version: 5.2.1
  resolution: "safe-buffer@npm:5.2.1"
  checksum: 10c0/6501914237c0a86e9675d4e51d89ca3c21ffd6a31642efeba25ad65720bce6921c9e7e974e5be91a786b25aa058b5303285d3c15dbabf983a919f5f630d349f3
  languageName: node
  linkType: hard

"semver@npm:^5.6.0":
  version: 5.7.2
  resolution: "semver@npm:5.7.2"
  bin:
    semver: bin/semver
  checksum: 10c0/e4cf10f86f168db772ae95d86ba65b3fd6c5967c94d97c708ccb463b778c2ee53b914cd7167620950fc07faf5a564e6efe903836639e512a1aa15fbc9667fa25
  languageName: node
  linkType: hard

"send@npm:0.16.0":
  version: 0.16.0
  resolution: "send@npm:0.16.0"
  dependencies:
    debug: "npm:2.6.9"
    depd: "npm:~1.1.1"
    destroy: "npm:~1.0.4"
    encodeurl: "npm:~1.0.1"
    escape-html: "npm:~1.0.3"
    etag: "npm:~1.8.1"
    fresh: "npm:0.5.2"
    http-errors: "npm:~1.6.2"
    mime: "npm:1.4.1"
    ms: "npm:2.0.0"
    on-finished: "npm:~2.3.0"
    range-parser: "npm:~1.2.0"
    statuses: "npm:~1.3.1"
  checksum: 10c0/e1e744216cd022a9683fe555a988497ecf202bfa78da1b37afed63f696689660ddf11b3546974c92cc34acdf5db0211eb8b208e9759a25897b75660f0954328b
  languageName: node
  linkType: hard

"serve-static@npm:1.13.0":
  version: 1.13.0
  resolution: "serve-static@npm:1.13.0"
  dependencies:
    encodeurl: "npm:~1.0.1"
    escape-html: "npm:~1.0.3"
    parseurl: "npm:~1.3.2"
    send: "npm:0.16.0"
  checksum: 10c0/f196f7410e63a385dd66d15d0b51612f340fc6d23b437026d2390c6abe7354190329c5dbfa41e2ad70c4f51ee9f2da5cebf82281d45dee4062447ffaf31b038e
  languageName: node
  linkType: hard

"setprototypeof@npm:1.0.3":
  version: 1.0.3
  resolution: "setprototypeof@npm:1.0.3"
  checksum: 10c0/4391b5c4a7e87d940ef6cf5f44c74c6aa0f7008123e7748ed86ca8db37d26f8362e3a385c6db8aa97676d94b2528a91a64158b0c992afbffd976791a78289fd1
  languageName: node
  linkType: hard

"setprototypeof@npm:1.1.0":
  version: 1.1.0
  resolution: "setprototypeof@npm:1.1.0"
  checksum: 10c0/a77b20876689c6a89c3b42f0c3596a9cae02f90fc902570cbd97198e9e8240382086c9303ad043e88cee10f61eae19f1004e51d885395a1e9bf49f9ebed12872
  languageName: node
  linkType: hard

"statuses@npm:>= 1.3.1 < 2, statuses@npm:>= 1.4.0 < 2":
  version: 1.5.0
  resolution: "statuses@npm:1.5.0"
  checksum: 10c0/e433900956357b3efd79b1c547da4d291799ac836960c016d10a98f6a810b1b5c0dcc13b5a7aa609a58239b5190e1ea176ad9221c2157d2fd1c747393e6b2940
  languageName: node
  linkType: hard

"statuses@npm:~1.3.1":
  version: 1.3.1
  resolution: "statuses@npm:1.3.1"
  checksum: 10c0/cdeccf298416555abe1a5ff632a1bf9d27a3546e013b5a456987a6a0c4fb4f277d138f14940a537ca05039be7fbc0734689331e697ef8d063928014a58ce1bdd
  languageName: node
  linkType: hard

"supports-color@npm:4.4.0":
  version: 4.4.0
  resolution: "supports-color@npm:4.4.0"
  dependencies:
    has-flag: "npm:^2.0.0"
  checksum: 10c0/6f8f5ea9592029f336c2f32767dd57e400dc632703c77f7b981e52bd38469a738ede2abe0c30767bc1ea82868749b03b9ce81b637b4e6919c3dcd15608ec7ced
  languageName: node
  linkType: hard

"type-is@npm:~1.6.15":
  version: 1.6.18
  resolution: "type-is@npm:1.6.18"
  dependencies:
    media-typer: "npm:0.3.0"
    mime-types: "npm:~2.1.24"
  checksum: 10c0/a23daeb538591b7efbd61ecf06b6feb2501b683ffdc9a19c74ef5baba362b4347e42f1b4ed81f5882a8c96a3bfff7f93ce3ffaf0cbbc879b532b04c97a55db9d
  languageName: node
  linkType: hard

"unpipe@npm:1.0.0, unpipe@npm:~1.0.0":
  version: 1.0.0
  resolution: "unpipe@npm:1.0.0"
  checksum: 10c0/193400255bd48968e5c5383730344fbb4fa114cdedfab26e329e50dd2d81b134244bb8a72c6ac1b10ab0281a58b363d06405632c9d49ca9dfd5e90cbd7d0f32c
  languageName: node
  linkType: hard

"utils-merge@npm:1.0.1":
  version: 1.0.1
  resolution: "utils-merge@npm:1.0.1"
  checksum: 10c0/02ba649de1b7ca8854bfe20a82f1dfbdda3fb57a22ab4a8972a63a34553cf7aa51bc9081cf7e001b035b88186d23689d69e71b510e610a09a4c66f68aa95b672
  languageName: node
  linkType: hard

"vapp@workspace:.":
  version: 0.0.0-use.local
  resolution: "vapp@workspace:."
  dependencies:
    axios: "npm:0.21.0"
    express: "npm:4.16.0"
    jsonwebtoken: "npm:8.5.1"
    lodash: "npm:4.17.10"
    mocha: "npm:5.0.0"
  languageName: unknown
  linkType: soft

"vary@npm:~1.1.2":
  version: 1.1.2
  resolution: "vary@npm:1.1.2"
  checksum: 10c0/f15d588d79f3675135ba783c91a4083dcd290a2a5be9fcb6514220a1634e23df116847b1cc51f66bfb0644cf9353b2abb7815ae499bab06e46dd33c1a6bf1f4f
  languageName: node
  linkType: hard

"wrappy@npm:1":
  version: 1.0.2
  resolution: "wrappy@npm:1.0.2"
  checksum: 10c0/56fece1a4018c6a6c8e28fbc88c87e0fbf4ea8fd64fc6c63b18f4acc4bd13e0ad2515189786dd2c30d3eec9663d70f4ecf699330002f8ccb547e4a18231fc9f0
  languageName: node
  linkType: hard
